{
  "version": 4,
  "terraform_version": "0.15.4",
  "serial": 4,
  "lineage": "e2323736-9b54-bf35-85c4-dc60ec3b47cc",
  "outputs": {},
  "resources": [
    {
      "mode": "managed",
      "type": "local_file",
      "name": "foo",
      "provider": "provider[\"registry.terraform.io/hashicorp/local\"]",
      "instances": [
        {
          "schema_version": 0,
          "attributes": {
            "content": "foo has changed!",
            "content_base64": null,
            "content_base64sha256": "5z1SLUaPvjCVJ9Ra/mottj3E8vgbdJS32E7fTztXWx8=",
            "content_base64sha512": "zvw8PUcVfZvtYLhCE9D2W1pkzHzL4L7JEVvmpTme68T9dE+cP1q3RROgepjA141oAhMUqbNCoCLMCUpPoGeSRQ==",
            "content_md5": "fd9558b44e9ec48f9ea5ce3e3c979b6b",
            "content_sha1": "c424bfcd6d8385277419af3c2e5008efa32e8f8e",
            "content_sha256": "e73d522d468fbe309527d45afe6a2db63dc4f2f81b7494b7d84edf4f3b575b1f",
            "content_sha512": "cefc3c3d47157d9bed60b84213d0f65b5a64cc7ccbe0bec9115be6a5399eebc4fd744f9c3f5ab74513a07a98c0d78d68021314a9b342a022cc094a4fa0679245",
            "directory_permission": "0777",
            "file_permission": "0777",
            "filename": "./foo.txt",
            "id": "c424bfcd6d8385277419af3c2e5008efa32e8f8e",
            "sensitive_content": null,
            "source": null
          },
          "sensitive_attributes": []
        }
      ]
    }
  ]
}
